
Microsoft Visual Studio Solution File, Format Version 12.00
# Visual Studio Version 16
VisualStudioVersion = 16.0.29728.190
MinimumVisualStudioVersion = 10.0.40219.1
Project("{FAE04EC0-301F-11D3-BF4B-00C04F79EFBC}") = "UnitOfWorkEx", "UnitOfWorkEx\UnitOfWorkEx.csproj", "{5004E930-3036-4B45-B353-7CD07CF3F408}"
EndProject
Global
	GlobalSection(SolutionConfigurationPlatforms) = preSolution
		Debug|Any CPU = Debug|Any CPU
		Release|Any CPU = Release|Any CPU
	EndGlobalSection
	GlobalSection(ProjectConfigurationPlatforms) = postSolution
		{5004E930-3036-4B45-B353-7CD07CF3F408}.Debug|Any CPU.ActiveCfg = Debug|Any CPU
		{5004E930-3036-4B45-B353-7CD07CF3F408}.Debug|Any CPU.Build.0 = Debug|Any CPU
		{5004E930-3036-4B45-B353-7CD07CF3F408}.Release|Any CPU.ActiveCfg = Release|Any CPU
		{5004E930-3036-4B45-B353-7CD07CF3F408}.Release|Any CPU.Build.0 = Release|Any CPU
	EndGlobalSection
	GlobalSection(SolutionProperties) = preSolution
		HideSolutionNode = FALSE
	EndGlobalSection
	GlobalSection(ExtensibilityGlobals) = postSolution
		SolutionGuid = {818326BF-6454-4FD3-ADF5-D9E333A2AC91}
	EndGlobalSection
EndGlobal
